{
  "name": "vuepress-starter",
  "version": "1.0.0",
  "lockfileVersion": 1,
  "requires": true,
  "dependencies": {
    "glob-to-regexp": {
      "version": "0.4.1",
      "resolved": "https://registry.npm.taobao.org/glob-to-regexp/download/glob-to-regexp-0.4.1.tgz",
      "integrity": "sha1-x1KXCHyFG5pXi9IX3VmpL1n+VG4=",
      "dev": true
    },
    "graceful-fs": {
      "version": "4.2.4",
      "resolved": "https://registry.npm.taobao.org/graceful-fs/download/graceful-fs-4.2.4.tgz?cache=0&sync_timestamp=1588086876757&other_urls=https%3A%2F%2Fregistry.npm.taobao.org%2Fgraceful-fs%2Fdownload%2Fgraceful-fs-4.2.4.tgz",
      "integrity": "sha1-Ila94U02MpWMRl68ltxGfKB6Kfs=",
      "dev": true
    },
    "watchpack": {
      "version": "2.1.0",
      "resolved": "https://registry.npm.taobao.org/watchpack/download/watchpack-2.1.0.tgz?cache=0&sync_timestamp=1607687456328&other_urls=https%3A%2F%2Fregistry.npm.taobao.org%2Fwatchpack%2Fdownload%2Fwatchpack-2.1.0.tgz",
      "integrity": "sha1-5jGUc2vzqiICb3sZHNV5B7D59pY=",
      "dev": true,
      "requires": {
        "glob-to-regexp": "^0.4.1",
        "graceful-fs": "^4.1.2"
      }
    }
  }
}
